
Microsoft Visual Studio Solution File, Format Version 12.00
# Visual Studio 15
VisualStudioVersion = 15.0.27428.2043
MinimumVisualStudioVersion = 10.0.40219.1
Project("{FAE04EC0-301F-11D3-BF4B-00C04F79EFBC}") = "WebAPI", "WebAPI\WebAPI.csproj", "{106AD8A3-5AA7-4965-AD45-8D882DD62290}"
EndProject
Project("{E53339B2-1760-4266-BCC7-CA923CBCF16C}") = "docker-compose", "docker-compose.dcproj", "{035CFE35-B84A-4D59-B2C7-4FE230CE364F}"
EndProject
Global
	GlobalSection(SolutionConfigurationPlatforms) = preSolution
		Debug|Any CPU = Debug|Any CPU
		Release|Any CPU = Release|Any CPU
	EndGlobalSection
	GlobalSection(ProjectConfigurationPlatforms) = postSolution
		{106AD8A3-5AA7-4965-AD45-8D882DD62290}.Debug|Any CPU.ActiveCfg = Debug|Any CPU
		{106AD8A3-5AA7-4965-AD45-8D882DD62290}.Debug|Any CPU.Build.0 = Debug|Any CPU
		{106AD8A3-5AA7-4965-AD45-8D882DD62290}.Release|Any CPU.ActiveCfg = Release|Any CPU
		{106AD8A3-5AA7-4965-AD45-8D882DD62290}.Release|Any CPU.Build.0 = Release|Any CPU
		{035CFE35-B84A-4D59-B2C7-4FE230CE364F}.Debug|Any CPU.ActiveCfg = Debug|Any CPU
		{035CFE35-B84A-4D59-B2C7-4FE230CE364F}.Debug|Any CPU.Build.0 = Debug|Any CPU
		{035CFE35-B84A-4D59-B2C7-4FE230CE364F}.Release|Any CPU.ActiveCfg = Release|Any CPU
		{035CFE35-B84A-4D59-B2C7-4FE230CE364F}.Release|Any CPU.Build.0 = Release|Any CPU
	EndGlobalSection
	GlobalSection(SolutionProperties) = preSolution
		HideSolutionNode = FALSE
	EndGlobalSection
	GlobalSection(ExtensibilityGlobals) = postSolution
		SolutionGuid = {27292C88-7367-4D2C-A719-D652A0D0D4ED}
	EndGlobalSection
EndGlobal
